
Microsoft Visual Studio Solution File, Format Version 12.00
# Visual Studio 15
Project("{FAE04EC0-301F-11D3-BF4B-00C04F79EFBC}") = "MerryYellow.CodeAssist.Editor", "MerryYellow.CodeAssist.Editor.csproj", "{6ECDBB81-2563-7F9F-E8A8-BC7EABD06F29}"
EndProject
Project("{FAE04EC0-301F-11D3-BF4B-00C04F79EFBC}") = "NavMeshPlusEditor", "NavMeshPlusEditor.csproj", "{FE2C67F3-40EE-8E10-5F60-A471D31191CE}"
EndProject
Project("{FAE04EC0-301F-11D3-BF4B-00C04F79EFBC}") = "NavMeshPlus", "NavMeshPlus.csproj", "{E45DF9BE-4A75-B366-D4EE-A48C7B7951F3}"
EndProject
Project("{FAE04EC0-301F-11D3-BF4B-00C04F79EFBC}") = "Assembly-CSharp", "Assembly-CSharp.csproj", "{033F0CAA-490A-75EB-C9DD-6C03CCB8EA48}"
EndProject
Project("{FAE04EC0-301F-11D3-BF4B-00C04F79EFBC}") = "Assembly-CSharp-Editor", "Assembly-CSharp-Editor.csproj", "{FA4857EB-451F-1145-9440-8D4F8B2B22DA}"
EndProject
Global
	GlobalSection(SolutionConfigurationPlatforms) = preSolution
		Debug|Any CPU = Debug|Any CPU
		Release|Any CPU = Release|Any CPU
	EndGlobalSection
	GlobalSection(ProjectConfigurationPlatforms) = postSolution
		{6ECDBB81-2563-7F9F-E8A8-BC7EABD06F29}.Debug|Any CPU.ActiveCfg = Debug|Any CPU
		{6ECDBB81-2563-7F9F-E8A8-BC7EABD06F29}.Debug|Any CPU.Build.0 = Debug|Any CPU
		{6ECDBB81-2563-7F9F-E8A8-BC7EABD06F29}.Release|Any CPU.ActiveCfg = Release|Any CPU
		{6ECDBB81-2563-7F9F-E8A8-BC7EABD06F29}.Release|Any CPU.Build.0 = Release|Any CPU
		{FE2C67F3-40EE-8E10-5F60-A471D31191CE}.Debug|Any CPU.ActiveCfg = Debug|Any CPU
		{FE2C67F3-40EE-8E10-5F60-A471D31191CE}.Debug|Any CPU.Build.0 = Debug|Any CPU
		{FE2C67F3-40EE-8E10-5F60-A471D31191CE}.Release|Any CPU.ActiveCfg = Release|Any CPU
		{FE2C67F3-40EE-8E10-5F60-A471D31191CE}.Release|Any CPU.Build.0 = Release|Any CPU
		{E45DF9BE-4A75-B366-D4EE-A48C7B7951F3}.Debug|Any CPU.ActiveCfg = Debug|Any CPU
		{E45DF9BE-4A75-B366-D4EE-A48C7B7951F3}.Debug|Any CPU.Build.0 = Debug|Any CPU
		{E45DF9BE-4A75-B366-D4EE-A48C7B7951F3}.Release|Any CPU.ActiveCfg = Release|Any CPU
		{E45DF9BE-4A75-B366-D4EE-A48C7B7951F3}.Release|Any CPU.Build.0 = Release|Any CPU
		{033F0CAA-490A-75EB-C9DD-6C03CCB8EA48}.Debug|Any CPU.ActiveCfg = Debug|Any CPU
		{033F0CAA-490A-75EB-C9DD-6C03CCB8EA48}.Debug|Any CPU.Build.0 = Debug|Any CPU
		{033F0CAA-490A-75EB-C9DD-6C03CCB8EA48}.Release|Any CPU.ActiveCfg = Release|Any CPU
		{033F0CAA-490A-75EB-C9DD-6C03CCB8EA48}.Release|Any CPU.Build.0 = Release|Any CPU
		{FA4857EB-451F-1145-9440-8D4F8B2B22DA}.Debug|Any CPU.ActiveCfg = Debug|Any CPU
		{FA4857EB-451F-1145-9440-8D4F8B2B22DA}.Debug|Any CPU.Build.0 = Debug|Any CPU
		{FA4857EB-451F-1145-9440-8D4F8B2B22DA}.Release|Any CPU.ActiveCfg = Release|Any CPU
		{FA4857EB-451F-1145-9440-8D4F8B2B22DA}.Release|Any CPU.Build.0 = Release|Any CPU
	EndGlobalSection
	GlobalSection(SolutionProperties) = preSolution
		HideSolutionNode = FALSE
	EndGlobalSection
EndGlobal
